
Microsoft Visual Studio Solution File, Format Version 12.00
# Visual Studio Version 17
VisualStudioVersion = 17.9.34607.119
MinimumVisualStudioVersion = 10.0.40219.1
Project("{8BC9CEB8-8B4A-11D0-8D11-00A0C91BC942}") = "Arrays", "Arrays\Arrays.vcxproj", "{2FC0B653-F8DD-4364-B03B-CC12978751AE}"
EndProject
Project("{8BC9CEB8-8B4A-11D0-8D11-00A0C91BC942}") = "Shift", "Shift\Shift.vcxproj", "{76D073D0-A0B8-483E-A482-1C03C3C6EEAE}"
EndProject
Project("{8BC9CEB8-8B4A-11D0-8D11-00A0C91BC942}") = "Numerics", "Numerics\Numerics.vcxproj", "{C66D71AF-F92B-49FF-8566-D64AC8E0A758}"
EndProject
Project("{8BC9CEB8-8B4A-11D0-8D11-00A0C91BC942}") = "Binary", "Binary\Binary.vcxproj", "{B2234301-3DBE-48C9-8675-437F2B5ADE21}"
EndProject
Project("{8BC9CEB8-8B4A-11D0-8D11-00A0C91BC942}") = "Random", "Random\Random.vcxproj", "{6FB9C14C-3E9C-4823-B1FF-7DCE0F3FEF6A}"
EndProject
Project("{8BC9CEB8-8B4A-11D0-8D11-00A0C91BC942}") = "Unique", "Unique\Unique.vcxproj", "{DA6332E6-CFEE-4D06-A4D7-ABED47ECF95B}"
EndProject
Project("{8BC9CEB8-8B4A-11D0-8D11-00A0C91BC942}") = "Search", "Search\Search.vcxproj", "{ABA23DCD-A438-4CCC-A527-28342B6FF41B}"
EndProject
Global
	GlobalSection(SolutionConfigurationPlatforms) = preSolution
		Debug|x64 = Debug|x64
		Debug|x86 = Debug|x86
		Release|x64 = Release|x64
		Release|x86 = Release|x86
	EndGlobalSection
	GlobalSection(ProjectConfigurationPlatforms) = postSolution
		{2FC0B653-F8DD-4364-B03B-CC12978751AE}.Debug|x64.ActiveCfg = Debug|x64
		{2FC0B653-F8DD-4364-B03B-CC12978751AE}.Debug|x64.Build.0 = Debug|x64
		{2FC0B653-F8DD-4364-B03B-CC12978751AE}.Debug|x86.ActiveCfg = Debug|Win32
		{2FC0B653-F8DD-4364-B03B-CC12978751AE}.Debug|x86.Build.0 = Debug|Win32
		{2FC0B653-F8DD-4364-B03B-CC12978751AE}.Release|x64.ActiveCfg = Release|x64
		{2FC0B653-F8DD-4364-B03B-CC12978751AE}.Release|x64.Build.0 = Release|x64
		{2FC0B653-F8DD-4364-B03B-CC12978751AE}.Release|x86.ActiveCfg = Release|Win32
		{2FC0B653-F8DD-4364-B03B-CC12978751AE}.Release|x86.Build.0 = Release|Win32
		{76D073D0-A0B8-483E-A482-1C03C3C6EEAE}.Debug|x64.ActiveCfg = Debug|x64
		{76D073D0-A0B8-483E-A482-1C03C3C6EEAE}.Debug|x64.Build.0 = Debug|x64
		{76D073D0-A0B8-483E-A482-1C03C3C6EEAE}.Debug|x86.ActiveCfg = Debug|Win32
		{76D073D0-A0B8-483E-A482-1C03C3C6EEAE}.Debug|x86.Build.0 = Debug|Win32
		{76D073D0-A0B8-483E-A482-1C03C3C6EEAE}.Release|x64.ActiveCfg = Release|x64
		{76D073D0-A0B8-483E-A482-1C03C3C6EEAE}.Release|x64.Build.0 = Release|x64
		{76D073D0-A0B8-483E-A482-1C03C3C6EEAE}.Release|x86.ActiveCfg = Release|Win32
		{76D073D0-A0B8-483E-A482-1C03C3C6EEAE}.Release|x86.Build.0 = Release|Win32
		{C66D71AF-F92B-49FF-8566-D64AC8E0A758}.Debug|x64.ActiveCfg = Debug|x64
		{C66D71AF-F92B-49FF-8566-D64AC8E0A758}.Debug|x64.Build.0 = Debug|x64
		{C66D71AF-F92B-49FF-8566-D64AC8E0A758}.Debug|x86.ActiveCfg = Debug|Win32
		{C66D71AF-F92B-49FF-8566-D64AC8E0A758}.Debug|x86.Build.0 = Debug|Win32
		{C66D71AF-F92B-49FF-8566-D64AC8E0A758}.Release|x64.ActiveCfg = Release|x64
		{C66D71AF-F92B-49FF-8566-D64AC8E0A758}.Release|x64.Build.0 = Release|x64
		{C66D71AF-F92B-49FF-8566-D64AC8E0A758}.Release|x86.ActiveCfg = Release|Win32
		{C66D71AF-F92B-49FF-8566-D64AC8E0A758}.Release|x86.Build.0 = Release|Win32
		{B2234301-3DBE-48C9-8675-437F2B5ADE21}.Debug|x64.ActiveCfg = Debug|x64
		{B2234301-3DBE-48C9-8675-437F2B5ADE21}.Debug|x64.Build.0 = Debug|x64
		{B2234301-3DBE-48C9-8675-437F2B5ADE21}.Debug|x86.ActiveCfg = Debug|Win32
		{B2234301-3DBE-48C9-8675-437F2B5ADE21}.Debug|x86.Build.0 = Debug|Win32
		{B2234301-3DBE-48C9-8675-437F2B5ADE21}.Release|x64.ActiveCfg = Release|x64
		{B2234301-3DBE-48C9-8675-437F2B5ADE21}.Release|x64.Build.0 = Release|x64
		{B2234301-3DBE-48C9-8675-437F2B5ADE21}.Release|x86.ActiveCfg = Release|Win32
		{B2234301-3DBE-48C9-8675-437F2B5ADE21}.Release|x86.Build.0 = Release|Win32
		{6FB9C14C-3E9C-4823-B1FF-7DCE0F3FEF6A}.Debug|x64.ActiveCfg = Debug|x64
		{6FB9C14C-3E9C-4823-B1FF-7DCE0F3FEF6A}.Debug|x64.Build.0 = Debug|x64
		{6FB9C14C-3E9C-4823-B1FF-7DCE0F3FEF6A}.Debug|x86.ActiveCfg = Debug|Win32
		{6FB9C14C-3E9C-4823-B1FF-7DCE0F3FEF6A}.Debug|x86.Build.0 = Debug|Win32
		{6FB9C14C-3E9C-4823-B1FF-7DCE0F3FEF6A}.Release|x64.ActiveCfg = Release|x64
		{6FB9C14C-3E9C-4823-B1FF-7DCE0F3FEF6A}.Release|x64.Build.0 = Release|x64
		{6FB9C14C-3E9C-4823-B1FF-7DCE0F3FEF6A}.Release|x86.ActiveCfg = Release|Win32
		{6FB9C14C-3E9C-4823-B1FF-7DCE0F3FEF6A}.Release|x86.Build.0 = Release|Win32
		{DA6332E6-CFEE-4D06-A4D7-ABED47ECF95B}.Debug|x64.ActiveCfg = Debug|x64
		{DA6332E6-CFEE-4D06-A4D7-ABED47ECF95B}.Debug|x64.Build.0 = Debug|x64
		{DA6332E6-CFEE-4D06-A4D7-ABED47ECF95B}.Debug|x86.ActiveCfg = Debug|Win32
		{DA6332E6-CFEE-4D06-A4D7-ABED47ECF95B}.Debug|x86.Build.0 = Debug|Win32
		{DA6332E6-CFEE-4D06-A4D7-ABED47ECF95B}.Release|x64.ActiveCfg = Release|x64
		{DA6332E6-CFEE-4D06-A4D7-ABED47ECF95B}.Release|x64.Build.0 = Release|x64
		{DA6332E6-CFEE-4D06-A4D7-ABED47ECF95B}.Release|x86.ActiveCfg = Release|Win32
		{DA6332E6-CFEE-4D06-A4D7-ABED47ECF95B}.Release|x86.Build.0 = Release|Win32
		{ABA23DCD-A438-4CCC-A527-28342B6FF41B}.Debug|x64.ActiveCfg = Debug|x64
		{ABA23DCD-A438-4CCC-A527-28342B6FF41B}.Debug|x64.Build.0 = Debug|x64
		{ABA23DCD-A438-4CCC-A527-28342B6FF41B}.Debug|x86.ActiveCfg = Debug|Win32
		{ABA23DCD-A438-4CCC-A527-28342B6FF41B}.Debug|x86.Build.0 = Debug|Win32
		{ABA23DCD-A438-4CCC-A527-28342B6FF41B}.Release|x64.ActiveCfg = Release|x64
		{ABA23DCD-A438-4CCC-A527-28342B6FF41B}.Release|x64.Build.0 = Release|x64
		{ABA23DCD-A438-4CCC-A527-28342B6FF41B}.Release|x86.ActiveCfg = Release|Win32
		{ABA23DCD-A438-4CCC-A527-28342B6FF41B}.Release|x86.Build.0 = Release|Win32
	EndGlobalSection
	GlobalSection(SolutionProperties) = preSolution
		HideSolutionNode = FALSE
	EndGlobalSection
	GlobalSection(ExtensibilityGlobals) = postSolution
		SolutionGuid = {0E2A2E03-6C46-4081-BE1B-7564BCF4B71A}
	EndGlobalSection
EndGlobal
